# This file is automatically @generated by Cargo.
# It is not intended for manual editing.
version = 3

[[package]]
name = "eduardo_functions"
version = "0.1.1"
source = "registry+https://github.com/rust-lang/crates.io-index"
checksum = "395df6abe28fe49e564bee43aba83caa44c94fa087bb6b9a4f94adca43c97ef9"

[[package]]
name = "math"
version = "0.1.0"
dependencies = [
 "eduardo_functions",
]
